
Microsoft Visual Studio Solution File, Format Version 12.00
# Visual Studio Version 16
VisualStudioVersion = 16.0.31613.86
MinimumVisualStudioVersion = 10.0.40219.1
Project("{FAE04EC0-301F-11D3-BF4B-00C04F79EFBC}") = "ApiCatalogoJogos", "ApiCatalogoJogos\ApiCatalogoJogos.csproj", "{2A49CEDB-266E-4BD1-B1AD-52EC0EA18F6D}"
EndProject
Global
	GlobalSection(SolutionConfigurationPlatforms) = preSolution
		Debug|Any CPU = Debug|Any CPU
		Release|Any CPU = Release|Any CPU
	EndGlobalSection
	GlobalSection(ProjectConfigurationPlatforms) = postSolution
		{2A49CEDB-266E-4BD1-B1AD-52EC0EA18F6D}.Debug|Any CPU.ActiveCfg = Debug|Any CPU
		{2A49CEDB-266E-4BD1-B1AD-52EC0EA18F6D}.Debug|Any CPU.Build.0 = Debug|Any CPU
		{2A49CEDB-266E-4BD1-B1AD-52EC0EA18F6D}.Release|Any CPU.ActiveCfg = Release|Any CPU
		{2A49CEDB-266E-4BD1-B1AD-52EC0EA18F6D}.Release|Any CPU.Build.0 = Release|Any CPU
	EndGlobalSection
	GlobalSection(SolutionProperties) = preSolution
		HideSolutionNode = FALSE
	EndGlobalSection
	GlobalSection(ExtensibilityGlobals) = postSolution
		SolutionGuid = {F955EF0D-6B20-4011-86DE-3A5BA08160FF}
	EndGlobalSection
EndGlobal
